
Microsoft Visual Studio Solution File, Format Version 12.00
# Visual Studio Version 17
VisualStudioVersion = 17.1.32407.343
MinimumVisualStudioVersion = 10.0.40219.1
Project("{FAE04EC0-301F-11D3-BF4B-00C04F79EFBC}") = "Tugas3", "WebApplication1\Tugas3.csproj", "{2E854DD0-CC63-4818-BD1F-7B3349893F4F}"
EndProject
Global
	GlobalSection(SolutionConfigurationPlatforms) = preSolution
		Debug|Any CPU = Debug|Any CPU
		Release|Any CPU = Release|Any CPU
	EndGlobalSection
	GlobalSection(ProjectConfigurationPlatforms) = postSolution
		{2E854DD0-CC63-4818-BD1F-7B3349893F4F}.Debug|Any CPU.ActiveCfg = Debug|Any CPU
		{2E854DD0-CC63-4818-BD1F-7B3349893F4F}.Debug|Any CPU.Build.0 = Debug|Any CPU
		{2E854DD0-CC63-4818-BD1F-7B3349893F4F}.Release|Any CPU.ActiveCfg = Release|Any CPU
		{2E854DD0-CC63-4818-BD1F-7B3349893F4F}.Release|Any CPU.Build.0 = Release|Any CPU
	EndGlobalSection
	GlobalSection(SolutionProperties) = preSolution
		HideSolutionNode = FALSE
	EndGlobalSection
	GlobalSection(ExtensibilityGlobals) = postSolution
		SolutionGuid = {1B0252E5-4ACE-4F01-B62C-B34F9CF40D5F}
	EndGlobalSection
EndGlobal
